
Microsoft Visual Studio Solution File, Format Version 12.00
# Visual Studio Version 17
VisualStudioVersion = 17.8.34330.188
MinimumVisualStudioVersion = 10.0.40219.1
Project("{FAE04EC0-301F-11D3-BF4B-00C04F79EFBC}") = "form_ejercicio8_tabla_multiplicar", "form_ejercicio8_tabla_multiplicar.csproj", "{47A3F1C7-68D1-4C78-9115-4482685DA39A}"
EndProject
Global
	GlobalSection(SolutionConfigurationPlatforms) = preSolution
		Debug|Any CPU = Debug|Any CPU
		Release|Any CPU = Release|Any CPU
	EndGlobalSection
	GlobalSection(ProjectConfigurationPlatforms) = postSolution
		{47A3F1C7-68D1-4C78-9115-4482685DA39A}.Debug|Any CPU.ActiveCfg = Debug|Any CPU
		{47A3F1C7-68D1-4C78-9115-4482685DA39A}.Debug|Any CPU.Build.0 = Debug|Any CPU
		{47A3F1C7-68D1-4C78-9115-4482685DA39A}.Release|Any CPU.ActiveCfg = Release|Any CPU
		{47A3F1C7-68D1-4C78-9115-4482685DA39A}.Release|Any CPU.Build.0 = Release|Any CPU
	EndGlobalSection
	GlobalSection(SolutionProperties) = preSolution
		HideSolutionNode = FALSE
	EndGlobalSection
	GlobalSection(ExtensibilityGlobals) = postSolution
		SolutionGuid = {799BDD40-07C2-45C8-BE5B-33A7C55CF22F}
	EndGlobalSection
EndGlobal
